{
  "name": "windy-data-api",
  "version": "0.1.0",
  "lockfileVersion": 3,
  "requires": true,
  "packages": {
    "": {
      "name": "windy-data-api",
      "version": "0.1.0",
      "dependencies": {
        "@openmeteo/file-reader": "^0.0.15"
      },
      "engines": {
        "node": ">=20"
      }
    },
    "node_modules/@openmeteo/file-format-wasm": {
      "version": "0.0.15",
      "resolved": "https://registry.npmjs.org/@openmeteo/file-format-wasm/-/file-format-wasm-0.0.15.tgz",
      "integrity": "sha512-rRJxSrbWbeb9S30hln4rypcdVhMeYwvq4Gbe8QQYJ/diOhhOTzjrrow7cc8CU5G++MscrhLDRhqWq2r4eknm9g==",
      "license": "GPL-2.0-only"
    },
    "node_modules/@openmeteo/file-reader": {
      "version": "0.0.15",
      "resolved": "https://registry.npmjs.org/@openmeteo/file-reader/-/file-reader-0.0.15.tgz",
      "integrity": "sha512-rQUmiiMCWD8aU9DWZSjBGgdncCXO7X6cneTeoFwLSKBE2TTrZBfZCrYBmsVZLb69LHA26drzeVlQQUcIyRyFlA==",
      "license": "GPL-2.0-only",
      "dependencies": {
        "@openmeteo/file-format-wasm": "^0.0.15"
      }
    }
  }
}
